// !$*UTF8*$!
{
	archiveVersion = 1;
	classes = {
	};
	objectVersion = 56;
	objects = {

/* Begin PBXBuildFile section */
		04787A1218085F1A6A8F5274 /* ModeSelectionView.swift in Sources */ = {isa = PBXBuildFile; fileRef = 4F1E67D6B8A6D1BA7C0843EC /* ModeSelectionView.swift */; };
		0D1CBB21C669B3AB75FDA758 /* BarChartView.swift in Sources */ = {isa = PBXBuildFile; fileRef = 8306FCDA93098B63EA95C12E /* BarChartView.swift */; };
		0E41A339694ED13838B2478E /* ResultsComparisonView.swift in Sources */ = {isa = PBXBuildFile; fileRef = BF1C173AB47F767C987ABF3A /* ResultsComparisonView.swift */; };
		1521F8CD44B6B24F8581B048 /* GameRecord.swift in Sources */ = {isa = PBXBuildFile; fileRef = 806E93EF4CE840BD31EE0791 /* GameRecord.swift */; };
		19895E8DA42A3CBE47943BBF /* AdaptiveGameOrchestrator.swift in Sources */ = {isa = PBXBuildFile; fileRef = BA15AA2309E421D3BB8B4F1A /* AdaptiveGameOrchestrator.swift */; };
		1B6552E31BA8CBB7FA3BD219 /* TemporalGamePlayer.swift in Sources */ = {isa = PBXBuildFile; fileRef = 9D2921A9E2B17B007054600F /* TemporalGamePlayer.swift */; };
		1DF5608DD22318BAEF003FD5 /* KernelEditorView.swift in Sources */ = {isa = PBXBuildFile; fileRef = 5E3A7C927DE8A7016A6B07CF /* KernelEditorView.swift */; };
		21DB72B847C8222AF4247664 /* CrossStageTests.swift in Sources */ = {isa = PBXBuildFile; fileRef = 583D9A23F81D79066E3BCEC3 /* CrossStageTests.swift */; };
		28DBC40679C5613467C463F3 /* SliceViewerView.swift in Sources */ = {isa = PBXBuildFile; fileRef = 81058B46A4EC92C21594A9C0 /* SliceViewerView.swift */; };
		30D5D8C60F89708DE327509A /* SliderWithLabel.swift in Sources */ = {isa = PBXBuildFile; fileRef = F19394F3AF6F8603EA61C024 /* SliderWithLabel.swift */; };
		3715371CF58865A841F13A73 /* L3TensorTests.swift in Sources */ = {isa = PBXBuildFile; fileRef = 9164CB9DABA5CFACB24ED2F2 /* L3TensorTests.swift */; };
		3AF1F3E39256B74259083C12 /* MinimalGIFDebugTests.swift in Sources */ = {isa = PBXBuildFile; fileRef = B832BFF3A36151B13354CD88 /* MinimalGIFDebugTests.swift */; };
		3BC9E6AAED5D57E9CC666DAE /* LZWDiagnosticTests.swift in Sources */ = {isa = PBXBuildFile; fileRef = 0AACB359DFDB2BB3E0F4E165 /* LZWDiagnosticTests.swift */; };
		424A06FD6DD434DF549D1AA5 /* ImportanceWeightEditorView.swift in Sources */ = {isa = PBXBuildFile; fileRef = C1A42EBE2ECE06D5786F4ABE /* ImportanceWeightEditorView.swift */; };
		454FFB10D82EF2BF2E687446 /* RewardAggregator.swift in Sources */ = {isa = PBXBuildFile; fileRef = 54932A372FC2D2433CA422EB /* RewardAggregator.swift */; };
		5D1E15DC335906180E06C28B /* EvolvableAttentionGene.swift in Sources */ = {isa = PBXBuildFile; fileRef = FDF9B6919289558AFE1AE312 /* EvolvableAttentionGene.swift */; };
		65231E4A9893BE852B0A7343 /* GeneTrainer.swift in Sources */ = {isa = PBXBuildFile; fileRef = E77B4CBB73D2D9108FE15CFA /* GeneTrainer.swift */; };
		678EA7E03C64651E27215296 /* L2FrameTests.swift in Sources */ = {isa = PBXBuildFile; fileRef = F64E4EDE9AA8E2BD9FEE052C /* L2FrameTests.swift */; };
		6B5F795D34976588D7A21BAA /* SliceImportanceAnalyzer.swift in Sources */ = {isa = PBXBuildFile; fileRef = 5CEBD02394D3844BC3C46241 /* SliceImportanceAnalyzer.swift */; };
		702549865953B44D8200661A /* ColorGridView.swift in Sources */ = {isa = PBXBuildFile; fileRef = A93812380D06DA81DC8460C2 /* ColorGridView.swift */; };
		84B10FE5480D518E6175B272 /* TensorToGame.swift in Sources */ = {isa = PBXBuildFile; fileRef = AE06072CC0D603AF004D4551 /* TensorToGame.swift */; };
		86F386AEAF8D118C18BA9386 /* PipelineTestSuite.swift in Sources */ = {isa = PBXBuildFile; fileRef = 0B06BA205B300719D06145C5 /* PipelineTestSuite.swift */; };
		8D6F5AA894FD4F0E9BCAE750 /* PerceptualMetrics.swift in Sources */ = {isa = PBXBuildFile; fileRef = 23EB9B8B97F17B205FD8917F /* PerceptualMetrics.swift */; };
		8FBD821A26F0FD8371F5505C /* CentroidOverrideView.swift in Sources */ = {isa = PBXBuildFile; fileRef = 711BE77293600A32ECF8BF62 /* CentroidOverrideView.swift */; };
		987893228731EF24C4DC04F4 /* HybridRewardSignal.swift in Sources */ = {isa = PBXBuildFile; fileRef = 0454A09AEC12CF94CCAD233B /* HybridRewardSignal.swift */; };
		99396C0CB4B1B5D07187F68E /* DualGameWeights.swift in Sources */ = {isa = PBXBuildFile; fileRef = 6FC1FD50BB3EE833A04FDBB1 /* DualGameWeights.swift */; };
		99F334879569F18C1F9FB4C8 /* L0RawTests.swift in Sources */ = {isa = PBXBuildFile; fileRef = B696D4BCCCA7EB4B2BB423C5 /* L0RawTests.swift */; };
		A37848BAE65E460B4D3F56A1 /* DualPlayerAttention.swift in Sources */ = {isa = PBXBuildFile; fileRef = E22B2E035F61579141E1D0EF /* DualPlayerAttention.swift */; };
		AB8B52D095AD96906368ECFF /* KataGoInference.swift in Sources */ = {isa = PBXBuildFile; fileRef = 532EA161A345F1820D8B72B4 /* KataGoInference.swift */; };
		AF850B4E1284C56251B68FE2 /* MVP1State.swift in Sources */ = {isa = PBXBuildFile; fileRef = 31FFE9AF1C3272F36C420ED9 /* MVP1State.swift */; };
		B94C0C964C5E5E4B1D4C4238 /* ContentTypeClassifier.swift in Sources */ = {isa = PBXBuildFile; fileRef = A8990C34F912B6BDFE562134 /* ContentTypeClassifier.swift */; };
		BE1766A0E3DA3B0C1E8A99DD /* GenePool.swift in Sources */ = {isa = PBXBuildFile; fileRef = 0835F6DF3E230E52270A76B4 /* GenePool.swift */; };
		CA3D24194ABC67D66D110BD1 /* ProcessingMode.swift in Sources */ = {isa = PBXBuildFile; fileRef = 376933A9688DCE7E1B67089B /* ProcessingMode.swift */; };
		CB857B8577517D1E4950DFA1 /* L4PaletteTests.swift in Sources */ = {isa = PBXBuildFile; fileRef = 41AFF277ADD034C3A7537AE7 /* L4PaletteTests.swift */; };
		CD451D0C8B04BDC217B77127 /* SpatialGamePlayer.swift in Sources */ = {isa = PBXBuildFile; fileRef = 9D41B9ED1D29EA8C813ECA23 /* SpatialGamePlayer.swift */; };
		CROPVERIF0002A2B3C4D5E001 /* CropResizeVerificationTests.swift in Sources */ = {isa = PBXBuildFile; fileRef = CROPVERIF0001A2B3C4D5E001 /* CropResizeVerificationTests.swift */; };
		D81C71906192F933F4FBA127 /* TestReport.swift in Sources */ = {isa = PBXBuildFile; fileRef = 611D96749778F29F8730974B /* TestReport.swift */; };
		D9DC6BEA2DC585A708D4D689 /* BoardEncoder.swift in Sources */ = {isa = PBXBuildFile; fileRef = 4E651F1C31B98E47092C529F /* BoardEncoder.swift */; };
		E05B3DC05352BAEFA1D9A73C /* FrameFormatConverter.swift in Sources */ = {isa = PBXBuildFile; fileRef = AAC4AD8669962E06AA4BE36A /* FrameFormatConverter.swift */; };
		E0BBD7A8D9DCE667272AA514 /* AttentionWeights.swift in Sources */ = {isa = PBXBuildFile; fileRef = 56FEE076A97620554552B83B /* AttentionWeights.swift */; };
		E584241AFFA1D96EB820EED3 /* L5IndicesTests.swift in Sources */ = {isa = PBXBuildFile; fileRef = 6F63A1D60DA38C85B5BDB2AD /* L5IndicesTests.swift */; };
		FC6FF157D352DB43F938C630 /* GamePlayer.swift in Sources */ = {isa = PBXBuildFile; fileRef = B6C7C98D07DB4C9691EC7794 /* GamePlayer.swift */; };
		FFAD93AC9B151BC55961302D /* MVP1ToolsView.swift in Sources */ = {isa = PBXBuildFile; fileRef = A3B2CD6C8D99B99FA35DC783 /* MVP1ToolsView.swift */; };
		GIFDIAG00002A2B3C4D5E001 /* GIFStructureDiagnostic.swift in Sources */ = {isa = PBXBuildFile; fileRef = GIFDIAG00001A2B3C4D5E001 /* GIFStructureDiagnostic.swift */; };
		MVP0APP00001 /* AppDelegate.swift in Sources */ = {isa = PBXBuildFile; fileRef = MVP0APP00002 /* AppDelegate.swift */; };
		MVP0APP00003 /* SceneDelegate.swift in Sources */ = {isa = PBXBuildFile; fileRef = MVP0APP00004 /* SceneDelegate.swift */; };
		MVP0CAM00001 /* CameraManager.swift in Sources */ = {isa = PBXBuildFile; fileRef = MVP0CAM00002 /* CameraManager.swift */; };
		MVP0CAM00003 /* FrameBuffer.swift in Sources */ = {isa = PBXBuildFile; fileRef = MVP0CAM00004 /* FrameBuffer.swift */; };
		MVP0CBR00001 /* CBORSessionManager.swift in Sources */ = {isa = PBXBuildFile; fileRef = MVP0CBR00002 /* CBORSessionManager.swift */; };
		MVP0CBR00003 /* CBORManifest.swift in Sources */ = {isa = PBXBuildFile; fileRef = MVP0CBR00004 /* CBORManifest.swift */; };
		MVP0CBR00005 /* CBORFrameExporter.swift in Sources */ = {isa = PBXBuildFile; fileRef = MVP0CBR00006 /* CBORFrameExporter.swift */; };
		MVP0CBR00007 /* CBORTensorExporter.swift in Sources */ = {isa = PBXBuildFile; fileRef = MVP0CBR00008 /* CBORTensorExporter.swift */; };
		MVP0CBR00009 /* CBORPaletteExporter.swift in Sources */ = {isa = PBXBuildFile; fileRef = MVP0CBR00010 /* CBORPaletteExporter.swift */; };
		MVP0CBR00011 /* CBORIndicesExporter.swift in Sources */ = {isa = PBXBuildFile; fileRef = MVP0CBR00012 /* CBORIndicesExporter.swift */; };
		MVP0CBR00013 /* SessionCoordinator.swift in Sources */ = {isa = PBXBuildFile; fileRef = MVP0CBR00014 /* SessionCoordinator.swift */; };
		MVP0COR00001 /* RGB2GIFErrors.swift in Sources */ = {isa = PBXBuildFile; fileRef = MVP0COR00002 /* RGB2GIFErrors.swift */; };
		MVP0GIF00001 /* GIFWriter.swift in Sources */ = {isa = PBXBuildFile; fileRef = MVP0GIF00002 /* GIFWriter.swift */; };
		MVP0GIF00003 /* LZWEncoder.swift in Sources */ = {isa = PBXBuildFile; fileRef = MVP0GIF00004 /* LZWEncoder.swift */; };
		MVP0GIF00005 /* PhotosSaver.swift in Sources */ = {isa = PBXBuildFile; fileRef = MVP0GIF00006 /* PhotosSaver.swift */; };
		MVP0PIP00001 /* GIF81Pipeline.swift in Sources */ = {isa = PBXBuildFile; fileRef = MVP0PIP00002 /* GIF81Pipeline.swift */; };
		MVP0PIP00003 /* OctreeColorQuantizer.swift in Sources */ = {isa = PBXBuildFile; fileRef = MVP0PIP00004 /* OctreeColorQuantizer.swift */; };
		MVP0PIP00005 /* TensorCube729.swift in Sources */ = {isa = PBXBuildFile; fileRef = MVP0PIP00006 /* TensorCube729.swift */; };
		MVP0PIP00007 /* VoxelCube729.swift in Sources */ = {isa = PBXBuildFile; fileRef = MVP0PIP00008 /* VoxelCube729.swift */; };
		MVP0PIP00009 /* GIF81Debugger.swift in Sources */ = {isa = PBXBuildFile; fileRef = MVP0PIP00010 /* GIF81Debugger.swift */; };
		MVP0PKG00002 /* SwiftCBOR in Frameworks */ = {isa = PBXBuildFile; productRef = MVP0PKG00003 /* SwiftCBOR */; };
		MVP0RES00001 /* Assets.xcassets in Resources */ = {isa = PBXBuildFile; fileRef = MVP0RES00002 /* Assets.xcassets */; };
		MVP0RES00003 /* LaunchScreen.storyboard in Resources */ = {isa = PBXBuildFile; fileRef = MVP0RES00004 /* LaunchScreen.storyboard */; };
		MVP0UIF00001 /* CaptureViewController.swift in Sources */ = {isa = PBXBuildFile; fileRef = MVP0UIF00002 /* CaptureViewController.swift */; };
/* End PBXBuildFile section */

/* Begin PBXFileReference section */
		0454A09AEC12CF94CCAD233B /* HybridRewardSignal.swift */ = {isa = PBXFileReference; includeInIndex = 1; lastKnownFileType = sourcecode.swift; path = HybridRewardSignal.swift; sourceTree = "<group>"; };
		0835F6DF3E230E52270A76B4 /* GenePool.swift */ = {isa = PBXFileReference; includeInIndex = 1; lastKnownFileType = sourcecode.swift; path = GenePool.swift; sourceTree = "<group>"; };
		0AACB359DFDB2BB3E0F4E165 /* LZWDiagnosticTests.swift */ = {isa = PBXFileReference; includeInIndex = 1; lastKnownFileType = sourcecode.swift; name = LZWDiagnosticTests.swift; path = LZWDiagnosticTests.swift; sourceTree = "<group>"; };
		0B06BA205B300719D06145C5 /* PipelineTestSuite.swift */ = {isa = PBXFileReference; includeInIndex = 1; lastKnownFileType = sourcecode.swift; name = PipelineTestSuite.swift; path = PipelineTestSuite.swift; sourceTree = "<group>"; };
		23EB9B8B97F17B205FD8917F /* PerceptualMetrics.swift */ = {isa = PBXFileReference; includeInIndex = 1; lastKnownFileType = sourcecode.swift; path = PerceptualMetrics.swift; sourceTree = "<group>"; };
		31FFE9AF1C3272F36C420ED9 /* MVP1State.swift */ = {isa = PBXFileReference; includeInIndex = 1; lastKnownFileType = sourcecode.swift; path = MVP1State.swift; sourceTree = "<group>"; };
		376933A9688DCE7E1B67089B /* ProcessingMode.swift */ = {isa = PBXFileReference; includeInIndex = 1; lastKnownFileType = sourcecode.swift; path = ProcessingMode.swift; sourceTree = "<group>"; };
		41AFF277ADD034C3A7537AE7 /* L4PaletteTests.swift */ = {isa = PBXFileReference; includeInIndex = 1; lastKnownFileType = sourcecode.swift; name = L4PaletteTests.swift; path = L4PaletteTests.swift; sourceTree = "<group>"; };
		4E651F1C31B98E47092C529F /* BoardEncoder.swift */ = {isa = PBXFileReference; includeInIndex = 1; lastKnownFileType = sourcecode.swift; path = BoardEncoder.swift; sourceTree = "<group>"; };
		4F1E67D6B8A6D1BA7C0843EC /* ModeSelectionView.swift */ = {isa = PBXFileReference; includeInIndex = 1; lastKnownFileType = sourcecode.swift; path = ModeSelectionView.swift; sourceTree = "<group>"; };
		532EA161A345F1820D8B72B4 /* KataGoInference.swift */ = {isa = PBXFileReference; includeInIndex = 1; lastKnownFileType = sourcecode.swift; path = KataGoInference.swift; sourceTree = "<group>"; };
		54932A372FC2D2433CA422EB /* RewardAggregator.swift */ = {isa = PBXFileReference; includeInIndex = 1; lastKnownFileType = sourcecode.swift; path = RewardAggregator.swift; sourceTree = "<group>"; };
		56FEE076A97620554552B83B /* AttentionWeights.swift */ = {isa = PBXFileReference; includeInIndex = 1; lastKnownFileType = sourcecode.swift; path = AttentionWeights.swift; sourceTree = "<group>"; };
		583D9A23F81D79066E3BCEC3 /* CrossStageTests.swift */ = {isa = PBXFileReference; includeInIndex = 1; lastKnownFileType = sourcecode.swift; name = CrossStageTests.swift; path = CrossStageTests.swift; sourceTree = "<group>"; };
		5CEBD02394D3844BC3C46241 /* SliceImportanceAnalyzer.swift */ = {isa = PBXFileReference; includeInIndex = 1; lastKnownFileType = sourcecode.swift; path = SliceImportanceAnalyzer.swift; sourceTree = "<group>"; };
		5E3A7C927DE8A7016A6B07CF /* KernelEditorView.swift */ = {isa = PBXFileReference; includeInIndex = 1; lastKnownFileType = sourcecode.swift; path = KernelEditorView.swift; sourceTree = "<group>"; };
		611D96749778F29F8730974B /* TestReport.swift */ = {isa = PBXFileReference; includeInIndex = 1; lastKnownFileType = sourcecode.swift; name = TestReport.swift; path = TestReport.swift; sourceTree = "<group>"; };
		6F63A1D60DA38C85B5BDB2AD /* L5IndicesTests.swift */ = {isa = PBXFileReference; includeInIndex = 1; lastKnownFileType = sourcecode.swift; name = L5IndicesTests.swift; path = L5IndicesTests.swift; sourceTree = "<group>"; };
		6FC1FD50BB3EE833A04FDBB1 /* DualGameWeights.swift */ = {isa = PBXFileReference; includeInIndex = 1; lastKnownFileType = sourcecode.swift; path = DualGameWeights.swift; sourceTree = "<group>"; };
		711BE77293600A32ECF8BF62 /* CentroidOverrideView.swift */ = {isa = PBXFileReference; includeInIndex = 1; lastKnownFileType = sourcecode.swift; path = CentroidOverrideView.swift; sourceTree = "<group>"; };
		806E93EF4CE840BD31EE0791 /* GameRecord.swift */ = {isa = PBXFileReference; includeInIndex = 1; lastKnownFileType = sourcecode.swift; path = GameRecord.swift; sourceTree = "<group>"; };
		81058B46A4EC92C21594A9C0 /* SliceViewerView.swift */ = {isa = PBXFileReference; includeInIndex = 1; lastKnownFileType = sourcecode.swift; path = SliceViewerView.swift; sourceTree = "<group>"; };
		8306FCDA93098B63EA95C12E /* BarChartView.swift */ = {isa = PBXFileReference; includeInIndex = 1; lastKnownFileType = sourcecode.swift; path = BarChartView.swift; sourceTree = "<group>"; };
		9164CB9DABA5CFACB24ED2F2 /* L3TensorTests.swift */ = {isa = PBXFileReference; includeInIndex = 1; lastKnownFileType = sourcecode.swift; name = L3TensorTests.swift; path = L3TensorTests.swift; sourceTree = "<group>"; };
		9D2921A9E2B17B007054600F /* TemporalGamePlayer.swift */ = {isa = PBXFileReference; includeInIndex = 1; lastKnownFileType = sourcecode.swift; path = TemporalGamePlayer.swift; sourceTree = "<group>"; };
		9D41B9ED1D29EA8C813ECA23 /* SpatialGamePlayer.swift */ = {isa = PBXFileReference; includeInIndex = 1; lastKnownFileType = sourcecode.swift; path = SpatialGamePlayer.swift; sourceTree = "<group>"; };
		A3B2CD6C8D99B99FA35DC783 /* MVP1ToolsView.swift */ = {isa = PBXFileReference; includeInIndex = 1; lastKnownFileType = sourcecode.swift; path = MVP1ToolsView.swift; sourceTree = "<group>"; };
		A8990C34F912B6BDFE562134 /* ContentTypeClassifier.swift */ = {isa = PBXFileReference; includeInIndex = 1; lastKnownFileType = sourcecode.swift; path = ContentTypeClassifier.swift; sourceTree = "<group>"; };
		A93812380D06DA81DC8460C2 /* ColorGridView.swift */ = {isa = PBXFileReference; includeInIndex = 1; lastKnownFileType = sourcecode.swift; path = ColorGridView.swift; sourceTree = "<group>"; };
		AAC4AD8669962E06AA4BE36A /* FrameFormatConverter.swift */ = {isa = PBXFileReference; includeInIndex = 1; lastKnownFileType = sourcecode.swift; path = FrameFormatConverter.swift; sourceTree = "<group>"; };
		AE06072CC0D603AF004D4551 /* TensorToGame.swift */ = {isa = PBXFileReference; includeInIndex = 1; lastKnownFileType = sourcecode.swift; path = TensorToGame.swift; sourceTree = "<group>"; };
		B696D4BCCCA7EB4B2BB423C5 /* L0RawTests.swift */ = {isa = PBXFileReference; includeInIndex = 1; lastKnownFileType = sourcecode.swift; name = L0RawTests.swift; path = L0RawTests.swift; sourceTree = "<group>"; };
		B6C7C98D07DB4C9691EC7794 /* GamePlayer.swift */ = {isa = PBXFileReference; includeInIndex = 1; lastKnownFileType = sourcecode.swift; path = GamePlayer.swift; sourceTree = "<group>"; };
		B832BFF3A36151B13354CD88 /* MinimalGIFDebugTests.swift */ = {isa = PBXFileReference; includeInIndex = 1; lastKnownFileType = sourcecode.swift; name = MinimalGIFDebugTests.swift; path = ../../../RGB2GIF/Sources/Pipeline/MinimalGIFDebugTests.swift; sourceTree = "<group>"; };
		BA15AA2309E421D3BB8B4F1A /* AdaptiveGameOrchestrator.swift */ = {isa = PBXFileReference; includeInIndex = 1; lastKnownFileType = sourcecode.swift; path = AdaptiveGameOrchestrator.swift; sourceTree = "<group>"; };
		BF1C173AB47F767C987ABF3A /* ResultsComparisonView.swift */ = {isa = PBXFileReference; includeInIndex = 1; lastKnownFileType = sourcecode.swift; path = ResultsComparisonView.swift; sourceTree = "<group>"; };
		C1A42EBE2ECE06D5786F4ABE /* ImportanceWeightEditorView.swift */ = {isa = PBXFileReference; includeInIndex = 1; lastKnownFileType = sourcecode.swift; path = ImportanceWeightEditorView.swift; sourceTree = "<group>"; };
		CROPVERIF0001A2B3C4D5E001 /* CropResizeVerificationTests.swift */ = {isa = PBXFileReference; includeInIndex = 1; lastKnownFileType = sourcecode.swift; name = CropResizeVerificationTests.swift; path = CropResizeVerificationTests.swift; sourceTree = "<group>"; };
		E22B2E035F61579141E1D0EF /* DualPlayerAttention.swift */ = {isa = PBXFileReference; includeInIndex = 1; lastKnownFileType = sourcecode.swift; path = DualPlayerAttention.swift; sourceTree = "<group>"; };
		E77B4CBB73D2D9108FE15CFA /* GeneTrainer.swift */ = {isa = PBXFileReference; includeInIndex = 1; lastKnownFileType = sourcecode.swift; path = GeneTrainer.swift; sourceTree = "<group>"; };
		F19394F3AF6F8603EA61C024 /* SliderWithLabel.swift */ = {isa = PBXFileReference; includeInIndex = 1; lastKnownFileType = sourcecode.swift; path = SliderWithLabel.swift; sourceTree = "<group>"; };
		F64E4EDE9AA8E2BD9FEE052C /* L2FrameTests.swift */ = {isa = PBXFileReference; includeInIndex = 1; lastKnownFileType = sourcecode.swift; name = L2FrameTests.swift; path = L2FrameTests.swift; sourceTree = "<group>"; };
		FDF9B6919289558AFE1AE312 /* EvolvableAttentionGene.swift */ = {isa = PBXFileReference; includeInIndex = 1; lastKnownFileType = sourcecode.swift; path = EvolvableAttentionGene.swift; sourceTree = "<group>"; };
		GIFDIAG00001A2B3C4D5E001 /* GIFStructureDiagnostic.swift */ = {isa = PBXFileReference; includeInIndex = 1; lastKnownFileType = sourcecode.swift; name = GIFStructureDiagnostic.swift; path = GIFStructureDiagnostic.swift; sourceTree = "<group>"; };
		MVP0APP00002 /* AppDelegate.swift */ = {isa = PBXFileReference; lastKnownFileType = sourcecode.swift; path = AppDelegate.swift; sourceTree = "<group>"; };
		MVP0APP00004 /* SceneDelegate.swift */ = {isa = PBXFileReference; lastKnownFileType = sourcecode.swift; path = SceneDelegate.swift; sourceTree = "<group>"; };
		MVP0CAM00002 /* CameraManager.swift */ = {isa = PBXFileReference; lastKnownFileType = sourcecode.swift; path = CameraManager.swift; sourceTree = "<group>"; };
		MVP0CAM00004 /* FrameBuffer.swift */ = {isa = PBXFileReference; lastKnownFileType = sourcecode.swift; path = FrameBuffer.swift; sourceTree = "<group>"; };
		MVP0CBR00002 /* CBORSessionManager.swift */ = {isa = PBXFileReference; lastKnownFileType = sourcecode.swift; path = CBORSessionManager.swift; sourceTree = "<group>"; };
		MVP0CBR00004 /* CBORManifest.swift */ = {isa = PBXFileReference; lastKnownFileType = sourcecode.swift; path = CBORManifest.swift; sourceTree = "<group>"; };
		MVP0CBR00006 /* CBORFrameExporter.swift */ = {isa = PBXFileReference; lastKnownFileType = sourcecode.swift; path = CBORFrameExporter.swift; sourceTree = "<group>"; };
		MVP0CBR00008 /* CBORTensorExporter.swift */ = {isa = PBXFileReference; lastKnownFileType = sourcecode.swift; path = CBORTensorExporter.swift; sourceTree = "<group>"; };
		MVP0CBR00010 /* CBORPaletteExporter.swift */ = {isa = PBXFileReference; lastKnownFileType = sourcecode.swift; path = CBORPaletteExporter.swift; sourceTree = "<group>"; };
		MVP0CBR00012 /* CBORIndicesExporter.swift */ = {isa = PBXFileReference; lastKnownFileType = sourcecode.swift; path = CBORIndicesExporter.swift; sourceTree = "<group>"; };
		MVP0CBR00014 /* SessionCoordinator.swift */ = {isa = PBXFileReference; lastKnownFileType = sourcecode.swift; path = SessionCoordinator.swift; sourceTree = "<group>"; };
		MVP0COR00002 /* RGB2GIFErrors.swift */ = {isa = PBXFileReference; lastKnownFileType = sourcecode.swift; path = RGB2GIFErrors.swift; sourceTree = "<group>"; };
		MVP0GIF00002 /* GIFWriter.swift */ = {isa = PBXFileReference; lastKnownFileType = sourcecode.swift; path = GIFWriter.swift; sourceTree = "<group>"; };
		MVP0GIF00004 /* LZWEncoder.swift */ = {isa = PBXFileReference; lastKnownFileType = sourcecode.swift; path = LZWEncoder.swift; sourceTree = "<group>"; };
		MVP0GIF00006 /* PhotosSaver.swift */ = {isa = PBXFileReference; lastKnownFileType = sourcecode.swift; path = PhotosSaver.swift; sourceTree = "<group>"; };
		MVP0PIP00002 /* GIF81Pipeline.swift */ = {isa = PBXFileReference; lastKnownFileType = sourcecode.swift; path = GIF81Pipeline.swift; sourceTree = "<group>"; };
		MVP0PIP00004 /* OctreeColorQuantizer.swift */ = {isa = PBXFileReference; lastKnownFileType = sourcecode.swift; path = OctreeColorQuantizer.swift; sourceTree = "<group>"; };
		MVP0PIP00006 /* TensorCube729.swift */ = {isa = PBXFileReference; lastKnownFileType = sourcecode.swift; path = TensorCube729.swift; sourceTree = "<group>"; };
		MVP0PIP00008 /* VoxelCube729.swift */ = {isa = PBXFileReference; lastKnownFileType = sourcecode.swift; path = VoxelCube729.swift; sourceTree = "<group>"; };
		MVP0PIP00010 /* GIF81Debugger.swift */ = {isa = PBXFileReference; lastKnownFileType = sourcecode.swift; path = GIF81Debugger.swift; sourceTree = "<group>"; };
		MVP0PRD00001 /* RGB2GIF.app */ = {isa = PBXFileReference; explicitFileType = wrapper.application; includeInIndex = 0; path = RGB2GIF.app; sourceTree = BUILT_PRODUCTS_DIR; };
		MVP0RES00002 /* Assets.xcassets */ = {isa = PBXFileReference; lastKnownFileType = folder.assetcatalog; path = Assets.xcassets; sourceTree = "<group>"; };
		MVP0RES00004 /* LaunchScreen.storyboard */ = {isa = PBXFileReference; lastKnownFileType = file.storyboard; path = LaunchScreen.storyboard; sourceTree = "<group>"; };
		MVP0RES00005 /* Info.plist */ = {isa = PBXFileReference; lastKnownFileType = text.plist.xml; path = Info.plist; sourceTree = "<group>"; };
		MVP0UIF00002 /* CaptureViewController.swift */ = {isa = PBXFileReference; lastKnownFileType = sourcecode.swift; path = CaptureViewController.swift; sourceTree = "<group>"; };
/* End PBXFileReference section */

/* Begin PBXFrameworksBuildPhase section */
		MVP0FRM00001 /* Frameworks */ = {
			isa = PBXFrameworksBuildPhase;
			buildActionMask = 2147483647;
			files = (
				MVP0PKG00002 /* SwiftCBOR in Frameworks */,
			);
			runOnlyForDeploymentPostprocessing = 0;
		};
/* End PBXFrameworksBuildPhase section */

/* Begin PBXGroup section */
		08F1B621985618121DDFAAF8 /* KataGo */ = {
			isa = PBXGroup;
			children = (
				5CEBD02394D3844BC3C46241 /* SliceImportanceAnalyzer.swift */,
				BA15AA2309E421D3BB8B4F1A /* AdaptiveGameOrchestrator.swift */,
				56FEE076A97620554552B83B /* AttentionWeights.swift */,
				4E651F1C31B98E47092C529F /* BoardEncoder.swift */,
				6FC1FD50BB3EE833A04FDBB1 /* DualGameWeights.swift */,
				E22B2E035F61579141E1D0EF /* DualPlayerAttention.swift */,
				FDF9B6919289558AFE1AE312 /* EvolvableAttentionGene.swift */,
				B6C7C98D07DB4C9691EC7794 /* GamePlayer.swift */,
				806E93EF4CE840BD31EE0791 /* GameRecord.swift */,
				532EA161A345F1820D8B72B4 /* KataGoInference.swift */,
				9D41B9ED1D29EA8C813ECA23 /* SpatialGamePlayer.swift */,
				9D2921A9E2B17B007054600F /* TemporalGamePlayer.swift */,
				AE06072CC0D603AF004D4551 /* TensorToGame.swift */,
			);
			name = KataGo;
			path = KataGo;
			sourceTree = "<group>";
		};
		1C52593219F2198C724F519C /* Components */ = {
			isa = PBXGroup;
			children = (
				A93812380D06DA81DC8460C2 /* ColorGridView.swift */,
				8306FCDA93098B63EA95C12E /* BarChartView.swift */,
				F19394F3AF6F8603EA61C024 /* SliderWithLabel.swift */,
			);
			name = Components;
			path = Components;
			sourceTree = "<group>";
		};
		4FB3E1986723FF3F1EE28EBF /* Testing */ = {
			isa = PBXGroup;
			children = (
				611D96749778F29F8730974B /* TestReport.swift */,
				B696D4BCCCA7EB4B2BB423C5 /* L0RawTests.swift */,
				F64E4EDE9AA8E2BD9FEE052C /* L2FrameTests.swift */,
				9164CB9DABA5CFACB24ED2F2 /* L3TensorTests.swift */,
				41AFF277ADD034C3A7537AE7 /* L4PaletteTests.swift */,
				6F63A1D60DA38C85B5BDB2AD /* L5IndicesTests.swift */,
				583D9A23F81D79066E3BCEC3 /* CrossStageTests.swift */,
				CROPVERIF0001A2B3C4D5E001 /* CropResizeVerificationTests.swift */,
				GIFDIAG00001A2B3C4D5E001 /* GIFStructureDiagnostic.swift */,
				0B06BA205B300719D06145C5 /* PipelineTestSuite.swift */,
				0AACB359DFDB2BB3E0F4E165 /* LZWDiagnosticTests.swift */,
			);
			name = Testing;
			path = Testing;
			sourceTree = "<group>";
		};
		947E8D6865261F574D9D0EA7 /* Rewards */ = {
			isa = PBXGroup;
			children = (
				0454A09AEC12CF94CCAD233B /* HybridRewardSignal.swift */,
				23EB9B8B97F17B205FD8917F /* PerceptualMetrics.swift */,
				54932A372FC2D2433CA422EB /* RewardAggregator.swift */,
			);
			name = Rewards;
			path = Rewards;
			sourceTree = "<group>";
		};
		97D1FA4EF82510F4CECEF787 /* Genes */ = {
			isa = PBXGroup;
			children = (
				0835F6DF3E230E52270A76B4 /* GenePool.swift */,
				E77B4CBB73D2D9108FE15CFA /* GeneTrainer.swift */,
			);
			name = Genes;
			path = Genes;
			sourceTree = "<group>";
		};
		9AB8A9AE973E9DB40F15C56D /* MVP1 */ = {
			isa = PBXGroup;
			children = (
				9E107E0EC34C4B13B197CDB4 /* Core */,
				D97A6704AA2CF7E67925E6FE /* Views */,
				1C52593219F2198C724F519C /* Components */,
			);
			name = MVP1;
			path = MVP1;
			sourceTree = "<group>";
		};
		9E107E0EC34C4B13B197CDB4 /* Core */ = {
			isa = PBXGroup;
			children = (
				376933A9688DCE7E1B67089B /* ProcessingMode.swift */,
				31FFE9AF1C3272F36C420ED9 /* MVP1State.swift */,
			);
			name = Core;
			path = Core;
			sourceTree = "<group>";
		};
		A31747273124AC9548ABE39F /* Classification */ = {
			isa = PBXGroup;
			children = (
				A8990C34F912B6BDFE562134 /* ContentTypeClassifier.swift */,
			);
			name = Classification;
			path = Classification;
			sourceTree = "<group>";
		};
		D97A6704AA2CF7E67925E6FE /* Views */ = {
			isa = PBXGroup;
			children = (
				4F1E67D6B8A6D1BA7C0843EC /* ModeSelectionView.swift */,
				A3B2CD6C8D99B99FA35DC783 /* MVP1ToolsView.swift */,
				81058B46A4EC92C21594A9C0 /* SliceViewerView.swift */,
				C1A42EBE2ECE06D5786F4ABE /* ImportanceWeightEditorView.swift */,
				5E3A7C927DE8A7016A6B07CF /* KernelEditorView.swift */,
				BF1C173AB47F767C987ABF3A /* ResultsComparisonView.swift */,
				711BE77293600A32ECF8BF62 /* CentroidOverrideView.swift */,
			);
			name = Views;
			path = Views;
			sourceTree = "<group>";
		};
		MVP0GRP00001 = {
			isa = PBXGroup;
			children = (
				MVP0GRP00002 /* RGB2GIF */,
				MVP0GRP00003 /* Products */,
			);
			sourceTree = "<group>";
		};
		MVP0GRP00002 /* RGB2GIF */ = {
			isa = PBXGroup;
			children = (
				MVP0GRP00004 /* Sources */,
				MVP0GRP00005 /* Resources */,
			);
			path = RGB2GIF;
			sourceTree = "<group>";
		};
		MVP0GRP00003 /* Products */ = {
			isa = PBXGroup;
			children = (
				MVP0PRD00001 /* RGB2GIF.app */,
			);
			name = Products;
			sourceTree = "<group>";
		};
		MVP0GRP00004 /* Sources */ = {
			isa = PBXGroup;
			children = (
				MVP0GRP00010 /* App */,
				MVP0GRP00011 /* Camera */,
				MVP0GRP00016 /* CBOR */,
				MVP0GRP00012 /* Core */,
				MVP0GRP00013 /* GIF */,
				MVP0GRP00014 /* Pipeline */,
				MVP0GRP00015 /* UI */,
				4FB3E1986723FF3F1EE28EBF /* Testing */,
				9AB8A9AE973E9DB40F15C56D /* MVP1 */,
				08F1B621985618121DDFAAF8 /* KataGo */,
				97D1FA4EF82510F4CECEF787 /* Genes */,
				A31747273124AC9548ABE39F /* Classification */,
				947E8D6865261F574D9D0EA7 /* Rewards */,
			);
			path = Sources;
			sourceTree = "<group>";
		};
		MVP0GRP00005 /* Resources */ = {
			isa = PBXGroup;
			children = (
				MVP0RES00002 /* Assets.xcassets */,
				MVP0RES00004 /* LaunchScreen.storyboard */,
				MVP0RES00005 /* Info.plist */,
			);
			path = Resources;
			sourceTree = "<group>";
		};
		MVP0GRP00010 /* App */ = {
			isa = PBXGroup;
			children = (
				MVP0APP00002 /* AppDelegate.swift */,
				MVP0APP00004 /* SceneDelegate.swift */,
			);
			path = App;
			sourceTree = "<group>";
		};
		MVP0GRP00011 /* Camera */ = {
			isa = PBXGroup;
			children = (
				MVP0CAM00002 /* CameraManager.swift */,
				MVP0CAM00004 /* FrameBuffer.swift */,
			);
			path = Camera;
			sourceTree = "<group>";
		};
		MVP0GRP00012 /* Core */ = {
			isa = PBXGroup;
			children = (
				MVP0COR00002 /* RGB2GIFErrors.swift */,
			);
			path = Core;
			sourceTree = "<group>";
		};
		MVP0GRP00013 /* GIF */ = {
			isa = PBXGroup;
			children = (
				MVP0GIF00002 /* GIFWriter.swift */,
				MVP0GIF00004 /* LZWEncoder.swift */,
				MVP0GIF00006 /* PhotosSaver.swift */,
			);
			path = GIF;
			sourceTree = "<group>";
		};
		MVP0GRP00014 /* Pipeline */ = {
			isa = PBXGroup;
			children = (
				MVP0PIP00002 /* GIF81Pipeline.swift */,
				MVP0PIP00004 /* OctreeColorQuantizer.swift */,
				MVP0PIP00006 /* TensorCube729.swift */,
				MVP0PIP00008 /* VoxelCube729.swift */,
				MVP0PIP00010 /* GIF81Debugger.swift */,
				AAC4AD8669962E06AA4BE36A /* FrameFormatConverter.swift */,
				B832BFF3A36151B13354CD88 /* MinimalGIFDebugTests.swift */,
			);
			path = Pipeline;
			sourceTree = "<group>";
		};
		MVP0GRP00015 /* UI */ = {
			isa = PBXGroup;
			children = (
				MVP0UIF00002 /* CaptureViewController.swift */,
			);
			path = UI;
			sourceTree = "<group>";
		};
		MVP0GRP00016 /* CBOR */ = {
			isa = PBXGroup;
			children = (
				MVP0CBR00002 /* CBORSessionManager.swift */,
				MVP0CBR00004 /* CBORManifest.swift */,
				MVP0CBR00006 /* CBORFrameExporter.swift */,
				MVP0CBR00008 /* CBORTensorExporter.swift */,
				MVP0CBR00010 /* CBORPaletteExporter.swift */,
				MVP0CBR00012 /* CBORIndicesExporter.swift */,
				MVP0CBR00014 /* SessionCoordinator.swift */,
			);
			path = CBOR;
			sourceTree = "<group>";
		};
/* End PBXGroup section */

/* Begin PBXNativeTarget section */
		MVP0TGT00001 /* RGB2GIF */ = {
			isa = PBXNativeTarget;
			buildConfigurationList = MVP0CFG00001 /* Build configuration list for PBXNativeTarget "RGB2GIF" */;
			buildPhases = (
				MVP0SRC00001 /* Sources */,
				MVP0FRM00001 /* Frameworks */,
				MVP0RSC00001 /* Resources */,
			);
			buildRules = (
			);
			dependencies = (
			);
			name = RGB2GIF;
			packageProductDependencies = (
				MVP0PKG00003 /* SwiftCBOR */,
			);
			productName = RGB2GIF;
			productReference = MVP0PRD00001 /* RGB2GIF.app */;
			productType = "com.apple.product-type.application";
		};
/* End PBXNativeTarget section */

/* Begin PBXProject section */
		MVP0PRJ00001 /* Project object */ = {
			isa = PBXProject;
			attributes = {
				BuildIndependentTargetsInParallel = 1;
				LastSwiftUpdateCheck = 1600;
				LastUpgradeCheck = 1600;
				TargetAttributes = {
					MVP0TGT00001 = {
						CreatedOnToolsVersion = 16.0;
					};
				};
			};
			buildConfigurationList = MVP0CFG00002 /* Build configuration list for PBXProject "RGB2GIF" */;
			compatibilityVersion = "Xcode 14.0";
			developmentRegion = en;
			hasScannedForEncodings = 0;
			knownRegions = (
				en,
				Base,
			);
			mainGroup = MVP0GRP00001;
			packageReferences = (
				MVP0PKG00001 /* XCRemoteSwiftPackageReference "SwiftCBOR" */,
			);
			productRefGroup = MVP0GRP00003 /* Products */;
			projectDirPath = "";
			projectRoot = "";
			targets = (
				MVP0TGT00001 /* RGB2GIF */,
			);
		};
/* End PBXProject section */

/* Begin PBXResourcesBuildPhase section */
		MVP0RSC00001 /* Resources */ = {
			isa = PBXResourcesBuildPhase;
			buildActionMask = 2147483647;
			files = (
				MVP0RES00001 /* Assets.xcassets in Resources */,
				MVP0RES00003 /* LaunchScreen.storyboard in Resources */,
			);
			runOnlyForDeploymentPostprocessing = 0;
		};
/* End PBXResourcesBuildPhase section */

/* Begin PBXSourcesBuildPhase section */
		MVP0SRC00001 /* Sources */ = {
			isa = PBXSourcesBuildPhase;
			buildActionMask = 2147483647;
			files = (
				MVP0APP00001 /* AppDelegate.swift in Sources */,
				MVP0APP00003 /* SceneDelegate.swift in Sources */,
				MVP0CAM00001 /* CameraManager.swift in Sources */,
				MVP0CAM00003 /* FrameBuffer.swift in Sources */,
				MVP0CBR00001 /* CBORSessionManager.swift in Sources */,
				MVP0CBR00003 /* CBORManifest.swift in Sources */,
				MVP0CBR00005 /* CBORFrameExporter.swift in Sources */,
				MVP0CBR00007 /* CBORTensorExporter.swift in Sources */,
				MVP0CBR00009 /* CBORPaletteExporter.swift in Sources */,
				MVP0CBR00011 /* CBORIndicesExporter.swift in Sources */,
				MVP0CBR00013 /* SessionCoordinator.swift in Sources */,
				MVP0COR00001 /* RGB2GIFErrors.swift in Sources */,
				MVP0GIF00001 /* GIFWriter.swift in Sources */,
				MVP0GIF00003 /* LZWEncoder.swift in Sources */,
				MVP0GIF00005 /* PhotosSaver.swift in Sources */,
				MVP0PIP00001 /* GIF81Pipeline.swift in Sources */,
				MVP0PIP00003 /* OctreeColorQuantizer.swift in Sources */,
				MVP0PIP00005 /* TensorCube729.swift in Sources */,
				MVP0PIP00007 /* VoxelCube729.swift in Sources */,
				MVP0PIP00009 /* GIF81Debugger.swift in Sources */,
				MVP0UIF00001 /* CaptureViewController.swift in Sources */,
				E05B3DC05352BAEFA1D9A73C /* FrameFormatConverter.swift in Sources */,
				3AF1F3E39256B74259083C12 /* MinimalGIFDebugTests.swift in Sources */,
				D81C71906192F933F4FBA127 /* TestReport.swift in Sources */,
				99F334879569F18C1F9FB4C8 /* L0RawTests.swift in Sources */,
				678EA7E03C64651E27215296 /* L2FrameTests.swift in Sources */,
				3715371CF58865A841F13A73 /* L3TensorTests.swift in Sources */,
				CB857B8577517D1E4950DFA1 /* L4PaletteTests.swift in Sources */,
				E584241AFFA1D96EB820EED3 /* L5IndicesTests.swift in Sources */,
				21DB72B847C8222AF4247664 /* CrossStageTests.swift in Sources */,
				CROPVERIF0002A2B3C4D5E001 /* CropResizeVerificationTests.swift in Sources */,
				GIFDIAG00002A2B3C4D5E001 /* GIFStructureDiagnostic.swift in Sources */,
				86F386AEAF8D118C18BA9386 /* PipelineTestSuite.swift in Sources */,
				3BC9E6AAED5D57E9CC666DAE /* LZWDiagnosticTests.swift in Sources */,
				CA3D24194ABC67D66D110BD1 /* ProcessingMode.swift in Sources */,
				AF850B4E1284C56251B68FE2 /* MVP1State.swift in Sources */,
				04787A1218085F1A6A8F5274 /* ModeSelectionView.swift in Sources */,
				FFAD93AC9B151BC55961302D /* MVP1ToolsView.swift in Sources */,
				28DBC40679C5613467C463F3 /* SliceViewerView.swift in Sources */,
				424A06FD6DD434DF549D1AA5 /* ImportanceWeightEditorView.swift in Sources */,
				1DF5608DD22318BAEF003FD5 /* KernelEditorView.swift in Sources */,
				0E41A339694ED13838B2478E /* ResultsComparisonView.swift in Sources */,
				8FBD821A26F0FD8371F5505C /* CentroidOverrideView.swift in Sources */,
				702549865953B44D8200661A /* ColorGridView.swift in Sources */,
				0D1CBB21C669B3AB75FDA758 /* BarChartView.swift in Sources */,
				30D5D8C60F89708DE327509A /* SliderWithLabel.swift in Sources */,
				6B5F795D34976588D7A21BAA /* SliceImportanceAnalyzer.swift in Sources */,
				19895E8DA42A3CBE47943BBF /* AdaptiveGameOrchestrator.swift in Sources */,
				E0BBD7A8D9DCE667272AA514 /* AttentionWeights.swift in Sources */,
				D9DC6BEA2DC585A708D4D689 /* BoardEncoder.swift in Sources */,
				99396C0CB4B1B5D07187F68E /* DualGameWeights.swift in Sources */,
				A37848BAE65E460B4D3F56A1 /* DualPlayerAttention.swift in Sources */,
				5D1E15DC335906180E06C28B /* EvolvableAttentionGene.swift in Sources */,
				FC6FF157D352DB43F938C630 /* GamePlayer.swift in Sources */,
				1521F8CD44B6B24F8581B048 /* GameRecord.swift in Sources */,
				AB8B52D095AD96906368ECFF /* KataGoInference.swift in Sources */,
				CD451D0C8B04BDC217B77127 /* SpatialGamePlayer.swift in Sources */,
				1B6552E31BA8CBB7FA3BD219 /* TemporalGamePlayer.swift in Sources */,
				84B10FE5480D518E6175B272 /* TensorToGame.swift in Sources */,
				BE1766A0E3DA3B0C1E8A99DD /* GenePool.swift in Sources */,
				65231E4A9893BE852B0A7343 /* GeneTrainer.swift in Sources */,
				B94C0C964C5E5E4B1D4C4238 /* ContentTypeClassifier.swift in Sources */,
				987893228731EF24C4DC04F4 /* HybridRewardSignal.swift in Sources */,
				8D6F5AA894FD4F0E9BCAE750 /* PerceptualMetrics.swift in Sources */,
				454FFB10D82EF2BF2E687446 /* RewardAggregator.swift in Sources */,
			);
			runOnlyForDeploymentPostprocessing = 0;
		};
/* End PBXSourcesBuildPhase section */

/* Begin XCBuildConfiguration section */
		MVP0BLD00001 /* Debug */ = {
			isa = XCBuildConfiguration;
			buildSettings = {
				ALWAYS_SEARCH_USER_PATHS = NO;
				ASSETCATALOG_COMPILER_GENERATE_SWIFT_ASSET_SYMBOL_EXTENSIONS = YES;
				CLANG_ANALYZER_NONNULL = YES;
				CLANG_ANALYZER_NUMBER_OBJECT_CONVERSION = YES_AGGRESSIVE;
				CLANG_CXX_LANGUAGE_STANDARD = "gnu++20";
				CLANG_ENABLE_MODULES = YES;
				CLANG_ENABLE_OBJC_ARC = YES;
				CLANG_ENABLE_OBJC_WEAK = YES;
				CLANG_WARN_BLOCK_CAPTURE_AUTORELEASING = YES;
				CLANG_WARN_BOOL_CONVERSION = YES;
				CLANG_WARN_COMMA = YES;
				CLANG_WARN_CONSTANT_CONVERSION = YES;
				CLANG_WARN_DEPRECATED_OBJC_IMPLEMENTATIONS = YES;
				CLANG_WARN_DIRECT_OBJC_ISA_USAGE = YES_ERROR;
				CLANG_WARN_DOCUMENTATION_COMMENTS = YES;
				CLANG_WARN_EMPTY_BODY = YES;
				CLANG_WARN_ENUM_CONVERSION = YES;
				CLANG_WARN_INFINITE_RECURSION = YES;
				CLANG_WARN_INT_CONVERSION = YES;
				CLANG_WARN_NON_LITERAL_NULL_CONVERSION = YES;
				CLANG_WARN_OBJC_IMPLICIT_RETAIN_SELF = YES;
				CLANG_WARN_OBJC_LITERAL_CONVERSION = YES;
				CLANG_WARN_OBJC_ROOT_CLASS = YES_ERROR;
				CLANG_WARN_QUOTED_INCLUDE_IN_FRAMEWORK_HEADER = YES;
				CLANG_WARN_RANGE_LOOP_ANALYSIS = YES;
				CLANG_WARN_STRICT_PROTOTYPES = YES;
				CLANG_WARN_SUSPICIOUS_MOVE = YES;
				CLANG_WARN_UNGUARDED_AVAILABILITY = YES_AGGRESSIVE;
				CLANG_WARN_UNREACHABLE_CODE = YES;
				CLANG_WARN__DUPLICATE_METHOD_MATCH = YES;
				CODE_SIGN_STYLE = Automatic;
				COPY_PHASE_STRIP = NO;
				DEBUG_INFORMATION_FORMAT = dwarf;
				DEVELOPMENT_TEAM = 9WANULVN2G;
				ENABLE_STRICT_OBJC_MSGSEND = YES;
				ENABLE_TESTABILITY = YES;
				ENABLE_USER_SCRIPT_SANDBOXING = YES;
				GCC_C_LANGUAGE_STANDARD = gnu17;
				GCC_DYNAMIC_NO_PIC = NO;
				GCC_NO_COMMON_BLOCKS = YES;
				GCC_OPTIMIZATION_LEVEL = 0;
				GCC_PREPROCESSOR_DEFINITIONS = (
					"DEBUG=1",
					"$(inherited)",
				);
				GCC_WARN_64_TO_32_BIT_CONVERSION = YES;
				GCC_WARN_ABOUT_RETURN_TYPE = YES_ERROR;
				GCC_WARN_UNDECLARED_SELECTOR = YES;
				GCC_WARN_UNINITIALIZED_AUTOS = YES_AGGRESSIVE;
				GCC_WARN_UNUSED_FUNCTION = YES;
				GCC_WARN_UNUSED_VARIABLE = YES;
				IPHONEOS_DEPLOYMENT_TARGET = 26.0;
				LOCALIZATION_PREFERS_STRING_CATALOGS = YES;
				MTL_ENABLE_DEBUG_INFO = INCLUDE_SOURCE;
				MTL_FAST_MATH = YES;
				ONLY_ACTIVE_ARCH = YES;
				SDKROOT = iphoneos;
				SWIFT_ACTIVE_COMPILATION_CONDITIONS = "DEBUG $(inherited)";
				SWIFT_OPTIMIZATION_LEVEL = "-Onone";
			};
			name = Debug;
		};
		MVP0BLD00002 /* Release */ = {
			isa = XCBuildConfiguration;
			buildSettings = {
				ALWAYS_SEARCH_USER_PATHS = NO;
				ASSETCATALOG_COMPILER_GENERATE_SWIFT_ASSET_SYMBOL_EXTENSIONS = YES;
				CLANG_ANALYZER_NONNULL = YES;
				CLANG_ANALYZER_NUMBER_OBJECT_CONVERSION = YES_AGGRESSIVE;
				CLANG_CXX_LANGUAGE_STANDARD = "gnu++20";
				CLANG_ENABLE_MODULES = YES;
				CLANG_ENABLE_OBJC_ARC = YES;
				CLANG_ENABLE_OBJC_WEAK = YES;
				CLANG_WARN_BLOCK_CAPTURE_AUTORELEASING = YES;
				CLANG_WARN_BOOL_CONVERSION = YES;
				CLANG_WARN_COMMA = YES;
				CLANG_WARN_CONSTANT_CONVERSION = YES;
				CLANG_WARN_DEPRECATED_OBJC_IMPLEMENTATIONS = YES;
				CLANG_WARN_DIRECT_OBJC_ISA_USAGE = YES_ERROR;
				CLANG_WARN_DOCUMENTATION_COMMENTS = YES;
				CLANG_WARN_EMPTY_BODY = YES;
				CLANG_WARN_ENUM_CONVERSION = YES;
				CLANG_WARN_INFINITE_RECURSION = YES;
				CLANG_WARN_INT_CONVERSION = YES;
				CLANG_WARN_NON_LITERAL_NULL_CONVERSION = YES;
				CLANG_WARN_OBJC_IMPLICIT_RETAIN_SELF = YES;
				CLANG_WARN_OBJC_LITERAL_CONVERSION = YES;
				CLANG_WARN_OBJC_ROOT_CLASS = YES_ERROR;
				CLANG_WARN_QUOTED_INCLUDE_IN_FRAMEWORK_HEADER = YES;
				CLANG_WARN_RANGE_LOOP_ANALYSIS = YES;
				CLANG_WARN_STRICT_PROTOTYPES = YES;
				CLANG_WARN_SUSPICIOUS_MOVE = YES;
				CLANG_WARN_UNGUARDED_AVAILABILITY = YES_AGGRESSIVE;
				CLANG_WARN_UNREACHABLE_CODE = YES;
				CLANG_WARN__DUPLICATE_METHOD_MATCH = YES;
				CODE_SIGN_STYLE = Automatic;
				COPY_PHASE_STRIP = NO;
				DEBUG_INFORMATION_FORMAT = "dwarf-with-dsym";
				DEVELOPMENT_TEAM = 9WANULVN2G;
				ENABLE_NS_ASSERTIONS = NO;
				ENABLE_STRICT_OBJC_MSGSEND = YES;
				ENABLE_USER_SCRIPT_SANDBOXING = YES;
				GCC_C_LANGUAGE_STANDARD = gnu17;
				GCC_NO_COMMON_BLOCKS = YES;
				GCC_WARN_64_TO_32_BIT_CONVERSION = YES;
				GCC_WARN_ABOUT_RETURN_TYPE = YES_ERROR;
				GCC_WARN_UNDECLARED_SELECTOR = YES;
				GCC_WARN_UNINITIALIZED_AUTOS = YES_AGGRESSIVE;
				GCC_WARN_UNUSED_FUNCTION = YES;
				GCC_WARN_UNUSED_VARIABLE = YES;
				IPHONEOS_DEPLOYMENT_TARGET = 26.0;
				LOCALIZATION_PREFERS_STRING_CATALOGS = YES;
				MTL_ENABLE_DEBUG_INFO = NO;
				MTL_FAST_MATH = YES;
				SDKROOT = iphoneos;
				SWIFT_COMPILATION_MODE = wholemodule;
				VALIDATE_PRODUCT = YES;
			};
			name = Release;
		};
		MVP0BLD00003 /* Debug */ = {
			isa = XCBuildConfiguration;
			buildSettings = {
				ASSETCATALOG_COMPILER_APPICON_NAME = AppIcon;
				ASSETCATALOG_COMPILER_GLOBAL_ACCENT_COLOR_NAME = AccentColor;
				CODE_SIGN_STYLE = Automatic;
				CURRENT_PROJECT_VERSION = 1;
				DEVELOPMENT_TEAM = 9WANULVN2G;
				GENERATE_INFOPLIST_FILE = NO;
				INFOPLIST_FILE = RGB2GIF/Resources/Info.plist;
				INFOPLIST_KEY_UIApplicationSupportsIndirectInputEvents = YES;
				INFOPLIST_KEY_UILaunchStoryboardName = LaunchScreen;
				INFOPLIST_KEY_UISupportedInterfaceOrientations = "UIInterfaceOrientationPortrait UIInterfaceOrientationPortraitUpsideDown UIInterfaceOrientationLandscapeLeft UIInterfaceOrientationLandscapeRight";
				IPHONEOS_DEPLOYMENT_TARGET = 26.0;
				LD_RUNPATH_SEARCH_PATHS = (
					"$(inherited)",
					"@executable_path/Frameworks",
				);
				MARKETING_VERSION = 1.0;
				PRODUCT_BUNDLE_IDENTIFIER = com.rgb2gif.app;
				PRODUCT_NAME = "$(TARGET_NAME)";
				SWIFT_EMIT_LOC_STRINGS = YES;
				SWIFT_VERSION = 5.0;
				TARGETED_DEVICE_FAMILY = 1;
			};
			name = Debug;
		};
		MVP0BLD00004 /* Release */ = {
			isa = XCBuildConfiguration;
			buildSettings = {
				ASSETCATALOG_COMPILER_APPICON_NAME = AppIcon;
				ASSETCATALOG_COMPILER_GLOBAL_ACCENT_COLOR_NAME = AccentColor;
				CODE_SIGN_STYLE = Automatic;
				CURRENT_PROJECT_VERSION = 1;
				DEVELOPMENT_TEAM = 9WANULVN2G;
				GENERATE_INFOPLIST_FILE = NO;
				INFOPLIST_FILE = RGB2GIF/Resources/Info.plist;
				INFOPLIST_KEY_UIApplicationSupportsIndirectInputEvents = YES;
				INFOPLIST_KEY_UILaunchStoryboardName = LaunchScreen;
				INFOPLIST_KEY_UISupportedInterfaceOrientations = "UIInterfaceOrientationPortrait UIInterfaceOrientationPortraitUpsideDown UIInterfaceOrientationLandscapeLeft UIInterfaceOrientationLandscapeRight";
				IPHONEOS_DEPLOYMENT_TARGET = 26.0;
				LD_RUNPATH_SEARCH_PATHS = (
					"$(inherited)",
					"@executable_path/Frameworks",
				);
				MARKETING_VERSION = 1.0;
				PRODUCT_BUNDLE_IDENTIFIER = com.rgb2gif.app;
				PRODUCT_NAME = "$(TARGET_NAME)";
				SWIFT_EMIT_LOC_STRINGS = YES;
				SWIFT_VERSION = 5.0;
				TARGETED_DEVICE_FAMILY = 1;
			};
			name = Release;
		};
/* End XCBuildConfiguration section */

/* Begin XCConfigurationList section */
		MVP0CFG00001 /* Build configuration list for PBXNativeTarget "RGB2GIF" */ = {
			isa = XCConfigurationList;
			buildConfigurations = (
				MVP0BLD00003 /* Debug */,
				MVP0BLD00004 /* Release */,
			);
			defaultConfigurationIsVisible = 0;
			defaultConfigurationName = Release;
		};
		MVP0CFG00002 /* Build configuration list for PBXProject "RGB2GIF" */ = {
			isa = XCConfigurationList;
			buildConfigurations = (
				MVP0BLD00001 /* Debug */,
				MVP0BLD00002 /* Release */,
			);
			defaultConfigurationIsVisible = 0;
			defaultConfigurationName = Release;
		};
/* End XCConfigurationList section */

/* Begin XCRemoteSwiftPackageReference section */
		MVP0PKG00001 /* XCRemoteSwiftPackageReference "SwiftCBOR" */ = {
			isa = XCRemoteSwiftPackageReference;
			repositoryURL = "https://github.com/unrelentingtech/SwiftCBOR.git";
			requirement = {
				kind = upToNextMajorVersion;
				minimumVersion = 0.4.7;
			};
		};
/* End XCRemoteSwiftPackageReference section */

/* Begin XCSwiftPackageProductDependency section */
		MVP0PKG00003 /* SwiftCBOR */ = {
			isa = XCSwiftPackageProductDependency;
			package = MVP0PKG00001 /* XCRemoteSwiftPackageReference "SwiftCBOR" */;
			productName = SwiftCBOR;
		};
/* End XCSwiftPackageProductDependency section */
	};
	rootObject = MVP0PRJ00001 /* Project object */;
}
